<?xml version="1.0" encoding="utf-8"?>
<Project ToolsVersion="4.0" xmlns="http://schemas.microsoft.com/developer/msbuild/2003">
  <ItemGroup>
    <Filter Include="Source Files">
      <UniqueIdentifier>{4FC737F1-C7A5-4376-A066-2A32D752A2FF}</UniqueIdentifier>
      <Extensions>cpp;c;cc;cxx;def;odl;idl;hpj;bat;asm;asmx</Extensions>
    </Filter>
    <Filter Include="Header Files">
      <UniqueIdentifier>{93995380-89BD-4b04-88EB-625FBE52EBFB}</UniqueIdentifier>
      <Extensions>h;hpp;hxx;hm;inl;inc;xsd</Extensions>
    </Filter>
    <Filter Include="Resource Files">
      <UniqueIdentifier>{67DA6AB6-F800-4c08-8B7A-83BB121AAD01}</UniqueIdentifier>
      <Extensions>rc;ico;cur;bmp;dlg;rc2;rct;bin;rgs;gif;jpg;jpeg;jpe;resx;tiff;tif;png;wav;mfcribbon-ms</Extensions>
    </Filter>
  </ItemGroup>
  <ItemGroup>
    <ClCompile Include="..\stasm\asmsearch.cpp">
      <Filter>Source Files</Filter>
    </ClCompile>
    <ClCompile Include="..\stasm\atface.cpp">
      <Filter>Source Files</Filter>
    </ClCompile>
    <ClCompile Include="..\stasm\err.cpp">
      <Filter>Source Files</Filter>
    </ClCompile>
    <ClCompile Include="..\image\ezfont.c">
      <Filter>Source Files</Filter>
    </ClCompile>
    <ClCompile Include="..\rowley\find.cpp">
      <Filter>Source Files</Filter>
    </ClCompile>
    <ClCompile Include="..\rowley\follow.cpp">
      <Filter>Source Files</Filter>
    </ClCompile>
    <ClCompile Include="..\rowley\forward.cpp">
      <Filter>Source Files</Filter>
    </ClCompile>
    <ClCompile Include="..\image\imequalize.cpp">
      <Filter>Source Files</Filter>
    </ClCompile>
    <ClCompile Include="..\image\imfile.cpp">
      <Filter>Source Files</Filter>
    </ClCompile>
    <ClCompile Include="..\image\imgiven.cpp">
      <Filter>Source Files</Filter>
    </ClCompile>
    <ClCompile Include="..\stasm\imshape.cpp">
      <Filter>Source Files</Filter>
    </ClCompile>
    <ClCompile Include="..\stasm\hypot.c">
      <Filter>Source Files</Filter>
    </ClCompile>
    <ClCompile Include="..\image\imutil.cpp">
      <Filter>Source Files</Filter>
    </ClCompile>
    <ClCompile Include="..\image\imwrite.cpp">
      <Filter>Source Files</Filter>
    </ClCompile>
    <ClCompile Include="..\stasm\initasm.cpp">
      <Filter>Source Files</Filter>
    </ClCompile>
    <ClCompile Include="..\rowley\initnet.cpp">
      <Filter>Source Files</Filter>
    </ClCompile>
    <ClCompile Include="..\image\jpegutil.cpp">
      <Filter>Source Files</Filter>
    </ClCompile>
    <ClCompile Include="..\stasm\landmarks.cpp">
      <Filter>Source Files</Filter>
    </ClCompile>
    <ClCompile Include="..\rowley\list.cpp">
      <Filter>Source Files</Filter>
    </ClCompile>
    <ClCompile Include="..\mat\mat.cpp">
      <Filter>Source Files</Filter>
    </ClCompile>
    <ClCompile Include="..\mat\matvec.cpp">
      <Filter>Source Files</Filter>
    </ClCompile>
    <ClCompile Include="..\mat\mchol.cpp">
      <Filter>Source Files</Filter>
    </ClCompile>
    <ClCompile Include="..\tasm\mrand.cpp">
      <Filter>Source Files</Filter>
    </ClCompile>
    <ClCompile Include="..\image\pngutil.cpp">
      <Filter>Source Files</Filter>
    </ClCompile>
    <ClCompile Include="..\stasm\prof.cpp">
      <Filter>Source Files</Filter>
    </ClCompile>
    <ClCompile Include="..\stasm\readasm.cpp">
      <Filter>Source Files</Filter>
    </ClCompile>
    <ClCompile Include="..\stasm\readconf.cpp">
      <Filter>Source Files</Filter>
    </ClCompile>
    <ClCompile Include="..\png\readpng.c">
      <Filter>Source Files</Filter>
    </ClCompile>
    <ClCompile Include="..\regex\regex.c">
      <Filter>Source Files</Filter>
    </ClCompile>
    <ClCompile Include="..\stasm\release.cpp">
      <Filter>Source Files</Filter>
    </ClCompile>
    <ClCompile Include="..\image\rgbimutil.cpp">
      <Filter>Source Files</Filter>
    </ClCompile>
    <ClCompile Include="..\stasm\rowley.cpp">
      <Filter>Source Files</Filter>
    </ClCompile>
    <ClCompile Include="..\stasm\rowleyhand.cpp">
      <Filter>Source Files</Filter>
    </ClCompile>
    <ClCompile Include="..\stasm\safe_alloc.cpp">
      <Filter>Source Files</Filter>
    </ClCompile>
    <ClCompile Include="..\rowley\search.cpp">
      <Filter>Source Files</Filter>
    </ClCompile>
    <ClCompile Include="..\stasm\shapefile.cpp">
      <Filter>Source Files</Filter>
    </ClCompile>
    <ClCompile Include="..\stasm\shapemodel.cpp">
      <Filter>Source Files</Filter>
    </ClCompile>
    <ClCompile Include="..\stasm\sparsemat.cpp">
      <Filter>Source Files</Filter>
    </ClCompile>
    <ClCompile Include="..\stasm\startshape.cpp">
      <Filter>Source Files</Filter>
    </ClCompile>
    <ClCompile Include="..\stasm\tab.cpp">
      <Filter>Source Files</Filter>
    </ClCompile>
    <ClCompile Include="..\rowley\tclHash.c">
      <Filter>Source Files</Filter>
    </ClCompile>
    <ClCompile Include="..\stasm\util.cpp">
      <Filter>Source Files</Filter>
    </ClCompile>
    <ClCompile Include="..\stasm\violajones.cpp">
      <Filter>Source Files</Filter>
    </ClCompile>
    <ClCompile Include="..\stasm\vjhand.cpp">
      <Filter>Source Files</Filter>
    </ClCompile>
    <ClCompile Include="..\jpeg\wrbmp.c">
      <Filter>Source Files</Filter>
    </ClCompile>
    <ClCompile Include="..\kiss\kiss.cpp">
      <Filter>Source Files</Filter>
    </ClCompile>
  </ItemGroup>
  <ItemGroup>
    <ClInclude Include="..\jpeg\cderror.h">
      <Filter>Header Files</Filter>
    </ClInclude>
    <ClInclude Include="..\jpeg\cdjpeg.h">
      <Filter>Header Files</Filter>
    </ClInclude>
    <ClInclude Include="..\image\ezfont.h">
      <Filter>Header Files</Filter>
    </ClInclude>
    <ClInclude Include="..\jpeg\jconfig.h">
      <Filter>Header Files</Filter>
    </ClInclude>
    <ClInclude Include="..\jpeg\jerror.h">
      <Filter>Header Files</Filter>
    </ClInclude>
    <ClInclude Include="..\jpeg\jinclude.h">
      <Filter>Header Files</Filter>
    </ClInclude>
    <ClInclude Include="..\jpeg\jmorecfg.h">
      <Filter>Header Files</Filter>
    </ClInclude>
    <ClInclude Include="..\jpeg\jpeglib.h">
      <Filter>Header Files</Filter>
    </ClInclude>
    <ClInclude Include="..\regex\regex.h">
      <Filter>Header Files</Filter>
    </ClInclude>
    <ClInclude Include="..\regex\regex_config.h">
      <Filter>Header Files</Filter>
    </ClInclude>
    <ClInclude Include="..\rowley\tclHash.h">
      <Filter>Header Files</Filter>
    </ClInclude>
  </ItemGroup>
  <ItemGroup>
    <None Include="ReadMe.txt" />
  </ItemGroup>
</Project>